
Microsoft Visual Studio Solution File, Format Version 12.00
# Visual Studio Version 17
VisualStudioVersion = 17.12.35323.107
MinimumVisualStudioVersion = 10.0.40219.1
Project("{FAE04EC0-301F-11D3-BF4B-00C04F79EFBC}") = "Calculator", "Calculator\Calculator.csproj", "{2DF9340C-4D6F-4FFA-8542-A94B8DAE1E5D}"
EndProject
Global
	GlobalSection(SolutionConfigurationPlatforms) = preSolution
		Debug|Any CPU = Debug|Any CPU
		Release|Any CPU = Release|Any CPU
	EndGlobalSection
	GlobalSection(ProjectConfigurationPlatforms) = postSolution
		{2DF9340C-4D6F-4FFA-8542-A94B8DAE1E5D}.Debug|Any CPU.ActiveCfg = Debug|Any CPU
		{2DF9340C-4D6F-4FFA-8542-A94B8DAE1E5D}.Debug|Any CPU.Build.0 = Debug|Any CPU
		{2DF9340C-4D6F-4FFA-8542-A94B8DAE1E5D}.Release|Any CPU.ActiveCfg = Release|Any CPU
		{2DF9340C-4D6F-4FFA-8542-A94B8DAE1E5D}.Release|Any CPU.Build.0 = Release|Any CPU
	EndGlobalSection
	GlobalSection(SolutionProperties) = preSolution
		HideSolutionNode = FALSE
	EndGlobalSection
	GlobalSection(ExtensibilityGlobals) = postSolution
		SolutionGuid = {4CDAF1F9-7725-4D48-B536-2548AC537413}
	EndGlobalSection
EndGlobal
